// !$*UTF8*$!
{
	archiveVersion = 1;
	classes = {
	};
	objectVersion = 56;
	objects = {

/* Begin PBXBuildFile section */
		5F296C9D2AB71F4B00CBC4E4 /* WeatherAppApp.swift in Sources */ = {isa = PBXBuildFile; fileRef = 5F296C9C2AB71F4B00CBC4E4 /* WeatherAppApp.swift */; };
		5F296C9F2AB71F4B00CBC4E4 /* ContentView.swift in Sources */ = {isa = PBXBuildFile; fileRef = 5F296C9E2AB71F4B00CBC4E4 /* ContentView.swift */; };
		5F296CA12AB71F4D00CBC4E4 /* Assets.xcassets in Resources */ = {isa = PBXBuildFile; fileRef = 5F296CA02AB71F4D00CBC4E4 /* Assets.xcassets */; };
		5F296CA42AB71F4D00CBC4E4 /* Preview Assets.xcassets in Resources */ = {isa = PBXBuildFile; fileRef = 5F296CA32AB71F4D00CBC4E4 /* Preview Assets.xcassets */; };
		5F296CAE2AB71F4D00CBC4E4 /* WeatherAppTests.swift in Sources */ = {isa = PBXBuildFile; fileRef = 5F296CAD2AB71F4D00CBC4E4 /* WeatherAppTests.swift */; };
		5F296CB82AB71F4E00CBC4E4 /* WeatherAppUITests.swift in Sources */ = {isa = PBXBuildFile; fileRef = 5F296CB72AB71F4E00CBC4E4 /* WeatherAppUITests.swift */; };
		5F296CBA2AB71F4E00CBC4E4 /* WeatherAppUITestsLaunchTests.swift in Sources */ = {isa = PBXBuildFile; fileRef = 5F296CB92AB71F4E00CBC4E4 /* WeatherAppUITestsLaunchTests.swift */; };
		5F296CC82AB7213600CBC4E4 /* LocationManager.swift in Sources */ = {isa = PBXBuildFile; fileRef = 5F296CC72AB7213600CBC4E4 /* LocationManager.swift */; };
		5F296CCB2AB7234200CBC4E4 /* WelcomeView.swift in Sources */ = {isa = PBXBuildFile; fileRef = 5F296CCA2AB7234200CBC4E4 /* WelcomeView.swift */; };
		5F296CCD2AB725F200CBC4E4 /* LoadingView.swift in Sources */ = {isa = PBXBuildFile; fileRef = 5F296CCC2AB725F200CBC4E4 /* LoadingView.swift */; };
		5F296CCF2AB72B3600CBC4E4 /* WeatherManager.swift in Sources */ = {isa = PBXBuildFile; fileRef = 5F296CCE2AB72B3600CBC4E4 /* WeatherManager.swift */; };
		5F296CD12AB731E300CBC4E4 /* WeatherView.swift in Sources */ = {isa = PBXBuildFile; fileRef = 5F296CD02AB731E300CBC4E4 /* WeatherView.swift */; };
		5F296CD32AB732BC00CBC4E4 /* ModelData.swift in Sources */ = {isa = PBXBuildFile; fileRef = 5F296CD22AB732BC00CBC4E4 /* ModelData.swift */; };
		5F296CD52AB735CA00CBC4E4 /* weatherData.json in Resources */ = {isa = PBXBuildFile; fileRef = 5F296CD42AB735CA00CBC4E4 /* weatherData.json */; };
		5F296CD72AB7387700CBC4E4 /* Extensions.swift in Sources */ = {isa = PBXBuildFile; fileRef = 5F296CD62AB7387700CBC4E4 /* Extensions.swift */; };
		5F296CDA2AB7411B00CBC4E4 /* WeatherRow.swift in Sources */ = {isa = PBXBuildFile; fileRef = 5F296CD92AB7411B00CBC4E4 /* WeatherRow.swift */; };
/* End PBXBuildFile section */

/* Begin PBXContainerItemProxy section */
		5F296CAA2AB71F4D00CBC4E4 /* PBXContainerItemProxy */ = {
			isa = PBXContainerItemProxy;
			containerPortal = 5F296C912AB71F4B00CBC4E4 /* Project object */;
			proxyType = 1;
			remoteGlobalIDString = 5F296C982AB71F4B00CBC4E4;
			remoteInfo = WeatherApp;
		};
		5F296CB42AB71F4E00CBC4E4 /* PBXContainerItemProxy */ = {
			isa = PBXContainerItemProxy;
			containerPortal = 5F296C912AB71F4B00CBC4E4 /* Project object */;
			proxyType = 1;
			remoteGlobalIDString = 5F296C982AB71F4B00CBC4E4;
			remoteInfo = WeatherApp;
		};
/* End PBXContainerItemProxy section */

/* Begin PBXFileReference section */
		5F296C992AB71F4B00CBC4E4 /* WeatherApp.app */ = {isa = PBXFileReference; explicitFileType = wrapper.application; includeInIndex = 0; path = WeatherApp.app; sourceTree = BUILT_PRODUCTS_DIR; };
		5F296C9C2AB71F4B00CBC4E4 /* WeatherAppApp.swift */ = {isa = PBXFileReference; lastKnownFileType = sourcecode.swift; path = WeatherAppApp.swift; sourceTree = "<group>"; };
		5F296C9E2AB71F4B00CBC4E4 /* ContentView.swift */ = {isa = PBXFileReference; lastKnownFileType = sourcecode.swift; path = ContentView.swift; sourceTree = "<group>"; };
		5F296CA02AB71F4D00CBC4E4 /* Assets.xcassets */ = {isa = PBXFileReference; lastKnownFileType = folder.assetcatalog; path = Assets.xcassets; sourceTree = "<group>"; };
		5F296CA32AB71F4D00CBC4E4 /* Preview Assets.xcassets */ = {isa = PBXFileReference; lastKnownFileType = folder.assetcatalog; path = "Preview Assets.xcassets"; sourceTree = "<group>"; };
		5F296CA92AB71F4D00CBC4E4 /* WeatherAppTests.xctest */ = {isa = PBXFileReference; explicitFileType = wrapper.cfbundle; includeInIndex = 0; path = WeatherAppTests.xctest; sourceTree = BUILT_PRODUCTS_DIR; };
		5F296CAD2AB71F4D00CBC4E4 /* WeatherAppTests.swift */ = {isa = PBXFileReference; lastKnownFileType = sourcecode.swift; path = WeatherAppTests.swift; sourceTree = "<group>"; };
		5F296CB32AB71F4E00CBC4E4 /* WeatherAppUITests.xctest */ = {isa = PBXFileReference; explicitFileType = wrapper.cfbundle; includeInIndex = 0; path = WeatherAppUITests.xctest; sourceTree = BUILT_PRODUCTS_DIR; };
		5F296CB72AB71F4E00CBC4E4 /* WeatherAppUITests.swift */ = {isa = PBXFileReference; lastKnownFileType = sourcecode.swift; path = WeatherAppUITests.swift; sourceTree = "<group>"; };
		5F296CB92AB71F4E00CBC4E4 /* WeatherAppUITestsLaunchTests.swift */ = {isa = PBXFileReference; lastKnownFileType = sourcecode.swift; path = WeatherAppUITestsLaunchTests.swift; sourceTree = "<group>"; };
		5F296CC72AB7213600CBC4E4 /* LocationManager.swift */ = {isa = PBXFileReference; lastKnownFileType = sourcecode.swift; path = LocationManager.swift; sourceTree = "<group>"; };
		5F296CCA2AB7234200CBC4E4 /* WelcomeView.swift */ = {isa = PBXFileReference; lastKnownFileType = sourcecode.swift; path = WelcomeView.swift; sourceTree = "<group>"; };
		5F296CCC2AB725F200CBC4E4 /* LoadingView.swift */ = {isa = PBXFileReference; lastKnownFileType = sourcecode.swift; path = LoadingView.swift; sourceTree = "<group>"; };
		5F296CCE2AB72B3600CBC4E4 /* WeatherManager.swift */ = {isa = PBXFileReference; lastKnownFileType = sourcecode.swift; path = WeatherManager.swift; sourceTree = "<group>"; };
		5F296CD02AB731E300CBC4E4 /* WeatherView.swift */ = {isa = PBXFileReference; lastKnownFileType = sourcecode.swift; path = WeatherView.swift; sourceTree = "<group>"; };
		5F296CD22AB732BC00CBC4E4 /* ModelData.swift */ = {isa = PBXFileReference; lastKnownFileType = sourcecode.swift; path = ModelData.swift; sourceTree = "<group>"; };
		5F296CD42AB735CA00CBC4E4 /* weatherData.json */ = {isa = PBXFileReference; lastKnownFileType = text.json; path = weatherData.json; sourceTree = "<group>"; };
		5F296CD62AB7387700CBC4E4 /* Extensions.swift */ = {isa = PBXFileReference; lastKnownFileType = sourcecode.swift; path = Extensions.swift; sourceTree = "<group>"; };
		5F296CD92AB7411B00CBC4E4 /* WeatherRow.swift */ = {isa = PBXFileReference; lastKnownFileType = sourcecode.swift; path = WeatherRow.swift; sourceTree = "<group>"; };
/* End PBXFileReference section */

/* Begin PBXFrameworksBuildPhase section */
		5F296C962AB71F4B00CBC4E4 /* Frameworks */ = {
			isa = PBXFrameworksBuildPhase;
			buildActionMask = 2147483647;
			files = (
			);
			runOnlyForDeploymentPostprocessing = 0;
		};
		5F296CA62AB71F4D00CBC4E4 /* Frameworks */ = {
			isa = PBXFrameworksBuildPhase;
			buildActionMask = 2147483647;
			files = (
			);
			runOnlyForDeploymentPostprocessing = 0;
		};
		5F296CB02AB71F4E00CBC4E4 /* Frameworks */ = {
			isa = PBXFrameworksBuildPhase;
			buildActionMask = 2147483647;
			files = (
			);
			runOnlyForDeploymentPostprocessing = 0;
		};
/* End PBXFrameworksBuildPhase section */

/* Begin PBXGroup section */
		5F296C902AB71F4B00CBC4E4 = {
			isa = PBXGroup;
			children = (
				5F296C9B2AB71F4B00CBC4E4 /* WeatherApp */,
				5F296CAC2AB71F4D00CBC4E4 /* WeatherAppTests */,
				5F296CB62AB71F4E00CBC4E4 /* WeatherAppUITests */,
				5F296C9A2AB71F4B00CBC4E4 /* Products */,
			);
			sourceTree = "<group>";
		};
		5F296C9A2AB71F4B00CBC4E4 /* Products */ = {
			isa = PBXGroup;
			children = (
				5F296C992AB71F4B00CBC4E4 /* WeatherApp.app */,
				5F296CA92AB71F4D00CBC4E4 /* WeatherAppTests.xctest */,
				5F296CB32AB71F4E00CBC4E4 /* WeatherAppUITests.xctest */,
			);
			name = Products;
			sourceTree = "<group>";
		};
		5F296C9B2AB71F4B00CBC4E4 /* WeatherApp */ = {
			isa = PBXGroup;
			children = (
				5F296CD82AB7410900CBC4E4 /* Components */,
				5F296CC92AB722D600CBC4E4 /* Views */,
				5F296CC62AB7212200CBC4E4 /* Managers */,
				5F296C9C2AB71F4B00CBC4E4 /* WeatherAppApp.swift */,
				5F296CA02AB71F4D00CBC4E4 /* Assets.xcassets */,
				5F296CA22AB71F4D00CBC4E4 /* Preview Content */,
				5F296CD62AB7387700CBC4E4 /* Extensions.swift */,
			);
			path = WeatherApp;
			sourceTree = "<group>";
		};
		5F296CA22AB71F4D00CBC4E4 /* Preview Content */ = {
			isa = PBXGroup;
			children = (
				5F296CA32AB71F4D00CBC4E4 /* Preview Assets.xcassets */,
				5F296CD22AB732BC00CBC4E4 /* ModelData.swift */,
				5F296CD42AB735CA00CBC4E4 /* weatherData.json */,
			);
			path = "Preview Content";
			sourceTree = "<group>";
		};
		5F296CAC2AB71F4D00CBC4E4 /* WeatherAppTests */ = {
			isa = PBXGroup;
			children = (
				5F296CAD2AB71F4D00CBC4E4 /* WeatherAppTests.swift */,
			);
			path = WeatherAppTests;
			sourceTree = "<group>";
		};
		5F296CB62AB71F4E00CBC4E4 /* WeatherAppUITests */ = {
			isa = PBXGroup;
			children = (
				5F296CB72AB71F4E00CBC4E4 /* WeatherAppUITests.swift */,
				5F296CB92AB71F4E00CBC4E4 /* WeatherAppUITestsLaunchTests.swift */,
			);
			path = WeatherAppUITests;
			sourceTree = "<group>";
		};
		5F296CC62AB7212200CBC4E4 /* Managers */ = {
			isa = PBXGroup;
			children = (
				5F296CC72AB7213600CBC4E4 /* LocationManager.swift */,
				5F296CCE2AB72B3600CBC4E4 /* WeatherManager.swift */,
			);
			path = Managers;
			sourceTree = "<group>";
		};
		5F296CC92AB722D600CBC4E4 /* Views */ = {
			isa = PBXGroup;
			children = (
				5F296C9E2AB71F4B00CBC4E4 /* ContentView.swift */,
				5F296CCA2AB7234200CBC4E4 /* WelcomeView.swift */,
				5F296CCC2AB725F200CBC4E4 /* LoadingView.swift */,
				5F296CD02AB731E300CBC4E4 /* WeatherView.swift */,
			);
			path = Views;
			sourceTree = "<group>";
		};
		5F296CD82AB7410900CBC4E4 /* Components */ = {
			isa = PBXGroup;
			children = (
				5F296CD92AB7411B00CBC4E4 /* WeatherRow.swift */,
			);
			path = Components;
			sourceTree = "<group>";
		};
/* End PBXGroup section */

/* Begin PBXNativeTarget section */
		5F296C982AB71F4B00CBC4E4 /* WeatherApp */ = {
			isa = PBXNativeTarget;
			buildConfigurationList = 5F296CBD2AB71F4E00CBC4E4 /* Build configuration list for PBXNativeTarget "WeatherApp" */;
			buildPhases = (
				5F296C952AB71F4B00CBC4E4 /* Sources */,
				5F296C962AB71F4B00CBC4E4 /* Frameworks */,
				5F296C972AB71F4B00CBC4E4 /* Resources */,
			);
			buildRules = (
			);
			dependencies = (
			);
			name = WeatherApp;
			productName = WeatherApp;
			productReference = 5F296C992AB71F4B00CBC4E4 /* WeatherApp.app */;
			productType = "com.apple.product-type.application";
		};
		5F296CA82AB71F4D00CBC4E4 /* WeatherAppTests */ = {
			isa = PBXNativeTarget;
			buildConfigurationList = 5F296CC02AB71F4E00CBC4E4 /* Build configuration list for PBXNativeTarget "WeatherAppTests" */;
			buildPhases = (
				5F296CA52AB71F4D00CBC4E4 /* Sources */,
				5F296CA62AB71F4D00CBC4E4 /* Frameworks */,
				5F296CA72AB71F4D00CBC4E4 /* Resources */,
			);
			buildRules = (
			);
			dependencies = (
				5F296CAB2AB71F4D00CBC4E4 /* PBXTargetDependency */,
			);
			name = WeatherAppTests;
			productName = WeatherAppTests;
			productReference = 5F296CA92AB71F4D00CBC4E4 /* WeatherAppTests.xctest */;
			productType = "com.apple.product-type.bundle.unit-test";
		};
		5F296CB22AB71F4E00CBC4E4 /* WeatherAppUITests */ = {
			isa = PBXNativeTarget;
			buildConfigurationList = 5F296CC32AB71F4E00CBC4E4 /* Build configuration list for PBXNativeTarget "WeatherAppUITests" */;
			buildPhases = (
				5F296CAF2AB71F4E00CBC4E4 /* Sources */,
				5F296CB02AB71F4E00CBC4E4 /* Frameworks */,
				5F296CB12AB71F4E00CBC4E4 /* Resources */,
			);
			buildRules = (
			);
			dependencies = (
				5F296CB52AB71F4E00CBC4E4 /* PBXTargetDependency */,
			);
			name = WeatherAppUITests;
			productName = WeatherAppUITests;
			productReference = 5F296CB32AB71F4E00CBC4E4 /* WeatherAppUITests.xctest */;
			productType = "com.apple.product-type.bundle.ui-testing";
		};
/* End PBXNativeTarget section */

/* Begin PBXProject section */
		5F296C912AB71F4B00CBC4E4 /* Project object */ = {
			isa = PBXProject;
			attributes = {
				BuildIndependentTargetsInParallel = 1;
				LastSwiftUpdateCheck = 1430;
				LastUpgradeCheck = 1430;
				TargetAttributes = {
					5F296C982AB71F4B00CBC4E4 = {
						CreatedOnToolsVersion = 14.3.1;
					};
					5F296CA82AB71F4D00CBC4E4 = {
						CreatedOnToolsVersion = 14.3.1;
						TestTargetID = 5F296C982AB71F4B00CBC4E4;
					};
					5F296CB22AB71F4E00CBC4E4 = {
						CreatedOnToolsVersion = 14.3.1;
						TestTargetID = 5F296C982AB71F4B00CBC4E4;
					};
				};
			};
			buildConfigurationList = 5F296C942AB71F4B00CBC4E4 /* Build configuration list for PBXProject "WeatherApp" */;
			compatibilityVersion = "Xcode 14.0";
			developmentRegion = en;
			hasScannedForEncodings = 0;
			knownRegions = (
				en,
				Base,
			);
			mainGroup = 5F296C902AB71F4B00CBC4E4;
			productRefGroup = 5F296C9A2AB71F4B00CBC4E4 /* Products */;
			projectDirPath = "";
			projectRoot = "";
			targets = (
				5F296C982AB71F4B00CBC4E4 /* WeatherApp */,
				5F296CA82AB71F4D00CBC4E4 /* WeatherAppTests */,
				5F296CB22AB71F4E00CBC4E4 /* WeatherAppUITests */,
			);
		};
/* End PBXProject section */

/* Begin PBXResourcesBuildPhase section */
		5F296C972AB71F4B00CBC4E4 /* Resources */ = {
			isa = PBXResourcesBuildPhase;
			buildActionMask = 2147483647;
			files = (
				5F296CA42AB71F4D00CBC4E4 /* Preview Assets.xcassets in Resources */,
				5F296CD52AB735CA00CBC4E4 /* weatherData.json in Resources */,
				5F296CA12AB71F4D00CBC4E4 /* Assets.xcassets in Resources */,
			);
			runOnlyForDeploymentPostprocessing = 0;
		};
		5F296CA72AB71F4D00CBC4E4 /* Resources */ = {
			isa = PBXResourcesBuildPhase;
			buildActionMask = 2147483647;
			files = (
			);
			runOnlyForDeploymentPostprocessing = 0;
		};
		5F296CB12AB71F4E00CBC4E4 /* Resources */ = {
			isa = PBXResourcesBuildPhase;
			buildActionMask = 2147483647;
			files = (
			);
			runOnlyForDeploymentPostprocessing = 0;
		};
/* End PBXResourcesBuildPhase section */

/* Begin PBXSourcesBuildPhase section */
		5F296C952AB71F4B00CBC4E4 /* Sources */ = {
			isa = PBXSourcesBuildPhase;
			buildActionMask = 2147483647;
			files = (
				5F296CCF2AB72B3600CBC4E4 /* WeatherManager.swift in Sources */,
				5F296CD72AB7387700CBC4E4 /* Extensions.swift in Sources */,
				5F296C9F2AB71F4B00CBC4E4 /* ContentView.swift in Sources */,
				5F296C9D2AB71F4B00CBC4E4 /* WeatherAppApp.swift in Sources */,
				5F296CC82AB7213600CBC4E4 /* LocationManager.swift in Sources */,
				5F296CDA2AB7411B00CBC4E4 /* WeatherRow.swift in Sources */,
				5F296CCD2AB725F200CBC4E4 /* LoadingView.swift in Sources */,
				5F296CD32AB732BC00CBC4E4 /* ModelData.swift in Sources */,
				5F296CD12AB731E300CBC4E4 /* WeatherView.swift in Sources */,
				5F296CCB2AB7234200CBC4E4 /* WelcomeView.swift in Sources */,
			);
			runOnlyForDeploymentPostprocessing = 0;
		};
		5F296CA52AB71F4D00CBC4E4 /* Sources */ = {
			isa = PBXSourcesBuildPhase;
			buildActionMask = 2147483647;
			files = (
				5F296CAE2AB71F4D00CBC4E4 /* WeatherAppTests.swift in Sources */,
			);
			runOnlyForDeploymentPostprocessing = 0;
		};
		5F296CAF2AB71F4E00CBC4E4 /* Sources */ = {
			isa = PBXSourcesBuildPhase;
			buildActionMask = 2147483647;
			files = (
				5F296CB82AB71F4E00CBC4E4 /* WeatherAppUITests.swift in Sources */,
				5F296CBA2AB71F4E00CBC4E4 /* WeatherAppUITestsLaunchTests.swift in Sources */,
			);
			runOnlyForDeploymentPostprocessing = 0;
		};
/* End PBXSourcesBuildPhase section */

/* Begin PBXTargetDependency section */
		5F296CAB2AB71F4D00CBC4E4 /* PBXTargetDependency */ = {
			isa = PBXTargetDependency;
			target = 5F296C982AB71F4B00CBC4E4 /* WeatherApp */;
			targetProxy = 5F296CAA2AB71F4D00CBC4E4 /* PBXContainerItemProxy */;
		};
		5F296CB52AB71F4E00CBC4E4 /* PBXTargetDependency */ = {
			isa = PBXTargetDependency;
			target = 5F296C982AB71F4B00CBC4E4 /* WeatherApp */;
			targetProxy = 5F296CB42AB71F4E00CBC4E4 /* PBXContainerItemProxy */;
		};
/* End PBXTargetDependency section */

/* Begin XCBuildConfiguration section */
		5F296CBB2AB71F4E00CBC4E4 /* Debug */ = {
			isa = XCBuildConfiguration;
			buildSettings = {
				ALWAYS_SEARCH_USER_PATHS = NO;
				CLANG_ANALYZER_NONNULL = YES;
				CLANG_ANALYZER_NUMBER_OBJECT_CONVERSION = YES_AGGRESSIVE;
				CLANG_CXX_LANGUAGE_STANDARD = "gnu++20";
				CLANG_ENABLE_MODULES = YES;
				CLANG_ENABLE_OBJC_ARC = YES;
				CLANG_ENABLE_OBJC_WEAK = YES;
				CLANG_WARN_BLOCK_CAPTURE_AUTORELEASING = YES;
				CLANG_WARN_BOOL_CONVERSION = YES;
				CLANG_WARN_COMMA = YES;
				CLANG_WARN_CONSTANT_CONVERSION = YES;
				CLANG_WARN_DEPRECATED_OBJC_IMPLEMENTATIONS = YES;
				CLANG_WARN_DIRECT_OBJC_ISA_USAGE = YES_ERROR;
				CLANG_WARN_DOCUMENTATION_COMMENTS = YES;
				CLANG_WARN_EMPTY_BODY = YES;
				CLANG_WARN_ENUM_CONVERSION = YES;
				CLANG_WARN_INFINITE_RECURSION = YES;
				CLANG_WARN_INT_CONVERSION = YES;
				CLANG_WARN_NON_LITERAL_NULL_CONVERSION = YES;
				CLANG_WARN_OBJC_IMPLICIT_RETAIN_SELF = YES;
				CLANG_WARN_OBJC_LITERAL_CONVERSION = YES;
				CLANG_WARN_OBJC_ROOT_CLASS = YES_ERROR;
				CLANG_WARN_QUOTED_INCLUDE_IN_FRAMEWORK_HEADER = YES;
				CLANG_WARN_RANGE_LOOP_ANALYSIS = YES;
				CLANG_WARN_STRICT_PROTOTYPES = YES;
				CLANG_WARN_SUSPICIOUS_MOVE = YES;
				CLANG_WARN_UNGUARDED_AVAILABILITY = YES_AGGRESSIVE;
				CLANG_WARN_UNREACHABLE_CODE = YES;
				CLANG_WARN__DUPLICATE_METHOD_MATCH = YES;
				COPY_PHASE_STRIP = NO;
				DEBUG_INFORMATION_FORMAT = dwarf;
				ENABLE_STRICT_OBJC_MSGSEND = YES;
				ENABLE_TESTABILITY = YES;
				GCC_C_LANGUAGE_STANDARD = gnu11;
				GCC_DYNAMIC_NO_PIC = NO;
				GCC_NO_COMMON_BLOCKS = YES;
				GCC_OPTIMIZATION_LEVEL = 0;
				GCC_PREPROCESSOR_DEFINITIONS = (
					"DEBUG=1",
					"$(inherited)",
				);
				GCC_WARN_64_TO_32_BIT_CONVERSION = YES;
				GCC_WARN_ABOUT_RETURN_TYPE = YES_ERROR;
				GCC_WARN_UNDECLARED_SELECTOR = YES;
				GCC_WARN_UNINITIALIZED_AUTOS = YES_AGGRESSIVE;
				GCC_WARN_UNUSED_FUNCTION = YES;
				GCC_WARN_UNUSED_VARIABLE = YES;
				IPHONEOS_DEPLOYMENT_TARGET = 16.4;
				MTL_ENABLE_DEBUG_INFO = INCLUDE_SOURCE;
				MTL_FAST_MATH = YES;
				ONLY_ACTIVE_ARCH = YES;
				SDKROOT = iphoneos;
				SWIFT_ACTIVE_COMPILATION_CONDITIONS = DEBUG;
				SWIFT_OPTIMIZATION_LEVEL = "-Onone";
			};
			name = Debug;
		};
		5F296CBC2AB71F4E00CBC4E4 /* Release */ = {
			isa = XCBuildConfiguration;
			buildSettings = {
				ALWAYS_SEARCH_USER_PATHS = NO;
				CLANG_ANALYZER_NONNULL = YES;
				CLANG_ANALYZER_NUMBER_OBJECT_CONVERSION = YES_AGGRESSIVE;
				CLANG_CXX_LANGUAGE_STANDARD = "gnu++20";
				CLANG_ENABLE_MODULES = YES;
				CLANG_ENABLE_OBJC_ARC = YES;
				CLANG_ENABLE_OBJC_WEAK = YES;
				CLANG_WARN_BLOCK_CAPTURE_AUTORELEASING = YES;
				CLANG_WARN_BOOL_CONVERSION = YES;
				CLANG_WARN_COMMA = YES;
				CLANG_WARN_CONSTANT_CONVERSION = YES;
				CLANG_WARN_DEPRECATED_OBJC_IMPLEMENTATIONS = YES;
				CLANG_WARN_DIRECT_OBJC_ISA_USAGE = YES_ERROR;
				CLANG_WARN_DOCUMENTATION_COMMENTS = YES;
				CLANG_WARN_EMPTY_BODY = YES;
				CLANG_WARN_ENUM_CONVERSION = YES;
				CLANG_WARN_INFINITE_RECURSION = YES;
				CLANG_WARN_INT_CONVERSION = YES;
				CLANG_WARN_NON_LITERAL_NULL_CONVERSION = YES;
				CLANG_WARN_OBJC_IMPLICIT_RETAIN_SELF = YES;
				CLANG_WARN_OBJC_LITERAL_CONVERSION = YES;
				CLANG_WARN_OBJC_ROOT_CLASS = YES_ERROR;
				CLANG_WARN_QUOTED_INCLUDE_IN_FRAMEWORK_HEADER = YES;
				CLANG_WARN_RANGE_LOOP_ANALYSIS = YES;
				CLANG_WARN_STRICT_PROTOTYPES = YES;
				CLANG_WARN_SUSPICIOUS_MOVE = YES;
				CLANG_WARN_UNGUARDED_AVAILABILITY = YES_AGGRESSIVE;
				CLANG_WARN_UNREACHABLE_CODE = YES;
				CLANG_WARN__DUPLICATE_METHOD_MATCH = YES;
				COPY_PHASE_STRIP = NO;
				DEBUG_INFORMATION_FORMAT = "dwarf-with-dsym";
				ENABLE_NS_ASSERTIONS = NO;
				ENABLE_STRICT_OBJC_MSGSEND = YES;
				GCC_C_LANGUAGE_STANDARD = gnu11;
				GCC_NO_COMMON_BLOCKS = YES;
				GCC_WARN_64_TO_32_BIT_CONVERSION = YES;
				GCC_WARN_ABOUT_RETURN_TYPE = YES_ERROR;
				GCC_WARN_UNDECLARED_SELECTOR = YES;
				GCC_WARN_UNINITIALIZED_AUTOS = YES_AGGRESSIVE;
				GCC_WARN_UNUSED_FUNCTION = YES;
				GCC_WARN_UNUSED_VARIABLE = YES;
				IPHONEOS_DEPLOYMENT_TARGET = 16.4;
				MTL_ENABLE_DEBUG_INFO = NO;
				MTL_FAST_MATH = YES;
				SDKROOT = iphoneos;
				SWIFT_COMPILATION_MODE = wholemodule;
				SWIFT_OPTIMIZATION_LEVEL = "-O";
				VALIDATE_PRODUCT = YES;
			};
			name = Release;
		};
		5F296CBE2AB71F4E00CBC4E4 /* Debug */ = {
			isa = XCBuildConfiguration;
			buildSettings = {
				ASSETCATALOG_COMPILER_APPICON_NAME = AppIcon;
				ASSETCATALOG_COMPILER_GLOBAL_ACCENT_COLOR_NAME = AccentColor;
				CODE_SIGN_STYLE = Automatic;
				CURRENT_PROJECT_VERSION = 1;
				DEVELOPMENT_ASSET_PATHS = "\"WeatherApp/Preview Content\"";
				DEVELOPMENT_TEAM = 245HDWN6X8;
				ENABLE_PREVIEWS = YES;
				GENERATE_INFOPLIST_FILE = YES;
				INFOPLIST_KEY_UIApplicationSceneManifest_Generation = YES;
				INFOPLIST_KEY_UIApplicationSupportsIndirectInputEvents = YES;
				INFOPLIST_KEY_UILaunchScreen_Generation = YES;
				INFOPLIST_KEY_UISupportedInterfaceOrientations_iPad = "UIInterfaceOrientationPortrait UIInterfaceOrientationPortraitUpsideDown UIInterfaceOrientationLandscapeLeft UIInterfaceOrientationLandscapeRight";
				INFOPLIST_KEY_UISupportedInterfaceOrientations_iPhone = "UIInterfaceOrientationPortrait UIInterfaceOrientationLandscapeLeft UIInterfaceOrientationLandscapeRight";
				IPHONEOS_DEPLOYMENT_TARGET = 16.0;
				LD_RUNPATH_SEARCH_PATHS = (
					"$(inherited)",
					"@executable_path/Frameworks",
				);
				MARKETING_VERSION = 1.0;
				PRODUCT_BUNDLE_IDENTIFIER = Quentin.WeatherApp;
				PRODUCT_NAME = "$(TARGET_NAME)";
				SWIFT_EMIT_LOC_STRINGS = YES;
				SWIFT_VERSION = 5.0;
				TARGETED_DEVICE_FAMILY = "1,2";
			};
			name = Debug;
		};
		5F296CBF2AB71F4E00CBC4E4 /* Release */ = {
			isa = XCBuildConfiguration;
			buildSettings = {
				ASSETCATALOG_COMPILER_APPICON_NAME = AppIcon;
				ASSETCATALOG_COMPILER_GLOBAL_ACCENT_COLOR_NAME = AccentColor;
				CODE_SIGN_STYLE = Automatic;
				CURRENT_PROJECT_VERSION = 1;
				DEVELOPMENT_ASSET_PATHS = "\"WeatherApp/Preview Content\"";
				DEVELOPMENT_TEAM = 245HDWN6X8;
				ENABLE_PREVIEWS = YES;
				GENERATE_INFOPLIST_FILE = YES;
				INFOPLIST_KEY_UIApplicationSceneManifest_Generation = YES;
				INFOPLIST_KEY_UIApplicationSupportsIndirectInputEvents = YES;
				INFOPLIST_KEY_UILaunchScreen_Generation = YES;
				INFOPLIST_KEY_UISupportedInterfaceOrientations_iPad = "UIInterfaceOrientationPortrait UIInterfaceOrientationPortraitUpsideDown UIInterfaceOrientationLandscapeLeft UIInterfaceOrientationLandscapeRight";
				INFOPLIST_KEY_UISupportedInterfaceOrientations_iPhone = "UIInterfaceOrientationPortrait UIInterfaceOrientationLandscapeLeft UIInterfaceOrientationLandscapeRight";
				IPHONEOS_DEPLOYMENT_TARGET = 16.0;
				LD_RUNPATH_SEARCH_PATHS = (
					"$(inherited)",
					"@executable_path/Frameworks",
				);
				MARKETING_VERSION = 1.0;
				PRODUCT_BUNDLE_IDENTIFIER = Quentin.WeatherApp;
				PRODUCT_NAME = "$(TARGET_NAME)";
				SWIFT_EMIT_LOC_STRINGS = YES;
				SWIFT_VERSION = 5.0;
				TARGETED_DEVICE_FAMILY = "1,2";
			};
			name = Release;
		};
		5F296CC12AB71F4E00CBC4E4 /* Debug */ = {
			isa = XCBuildConfiguration;
			buildSettings = {
				ALWAYS_EMBED_SWIFT_STANDARD_LIBRARIES = YES;
				BUNDLE_LOADER = "$(TEST_HOST)";
				CODE_SIGN_STYLE = Automatic;
				CURRENT_PROJECT_VERSION = 1;
				DEVELOPMENT_TEAM = 245HDWN6X8;
				GENERATE_INFOPLIST_FILE = YES;
				IPHONEOS_DEPLOYMENT_TARGET = 16.4;
				MARKETING_VERSION = 1.0;
				PRODUCT_BUNDLE_IDENTIFIER = Quentin.WeatherAppTests;
				PRODUCT_NAME = "$(TARGET_NAME)";
				SWIFT_EMIT_LOC_STRINGS = NO;
				SWIFT_VERSION = 5.0;
				TARGETED_DEVICE_FAMILY = "1,2";
				TEST_HOST = "$(BUILT_PRODUCTS_DIR)/WeatherApp.app/$(BUNDLE_EXECUTABLE_FOLDER_PATH)/WeatherApp";
			};
			name = Debug;
		};
		5F296CC22AB71F4E00CBC4E4 /* Release */ = {
			isa = XCBuildConfiguration;
			buildSettings = {
				ALWAYS_EMBED_SWIFT_STANDARD_LIBRARIES = YES;
				BUNDLE_LOADER = "$(TEST_HOST)";
				CODE_SIGN_STYLE = Automatic;
				CURRENT_PROJECT_VERSION = 1;
				DEVELOPMENT_TEAM = 245HDWN6X8;
				GENERATE_INFOPLIST_FILE = YES;
				IPHONEOS_DEPLOYMENT_TARGET = 16.4;
				MARKETING_VERSION = 1.0;
				PRODUCT_BUNDLE_IDENTIFIER = Quentin.WeatherAppTests;
				PRODUCT_NAME = "$(TARGET_NAME)";
				SWIFT_EMIT_LOC_STRINGS = NO;
				SWIFT_VERSION = 5.0;
				TARGETED_DEVICE_FAMILY = "1,2";
				TEST_HOST = "$(BUILT_PRODUCTS_DIR)/WeatherApp.app/$(BUNDLE_EXECUTABLE_FOLDER_PATH)/WeatherApp";
			};
			name = Release;
		};
		5F296CC42AB71F4E00CBC4E4 /* Debug */ = {
			isa = XCBuildConfiguration;
			buildSettings = {
				ALWAYS_EMBED_SWIFT_STANDARD_LIBRARIES = YES;
				CODE_SIGN_STYLE = Automatic;
				CURRENT_PROJECT_VERSION = 1;
				DEVELOPMENT_TEAM = 245HDWN6X8;
				GENERATE_INFOPLIST_FILE = YES;
				MARKETING_VERSION = 1.0;
				PRODUCT_BUNDLE_IDENTIFIER = Quentin.WeatherAppUITests;
				PRODUCT_NAME = "$(TARGET_NAME)";
				SWIFT_EMIT_LOC_STRINGS = NO;
				SWIFT_VERSION = 5.0;
				TARGETED_DEVICE_FAMILY = "1,2";
				TEST_TARGET_NAME = WeatherApp;
			};
			name = Debug;
		};
		5F296CC52AB71F4E00CBC4E4 /* Release */ = {
			isa = XCBuildConfiguration;
			buildSettings = {
				ALWAYS_EMBED_SWIFT_STANDARD_LIBRARIES = YES;
				CODE_SIGN_STYLE = Automatic;
				CURRENT_PROJECT_VERSION = 1;
				DEVELOPMENT_TEAM = 245HDWN6X8;
				GENERATE_INFOPLIST_FILE = YES;
				MARKETING_VERSION = 1.0;
				PRODUCT_BUNDLE_IDENTIFIER = Quentin.WeatherAppUITests;
				PRODUCT_NAME = "$(TARGET_NAME)";
				SWIFT_EMIT_LOC_STRINGS = NO;
				SWIFT_VERSION = 5.0;
				TARGETED_DEVICE_FAMILY = "1,2";
				TEST_TARGET_NAME = WeatherApp;
			};
			name = Release;
		};
/* End XCBuildConfiguration section */

/* Begin XCConfigurationList section */
		5F296C942AB71F4B00CBC4E4 /* Build configuration list for PBXProject "WeatherApp" */ = {
			isa = XCConfigurationList;
			buildConfigurations = (
				5F296CBB2AB71F4E00CBC4E4 /* Debug */,
				5F296CBC2AB71F4E00CBC4E4 /* Release */,
			);
			defaultConfigurationIsVisible = 0;
			defaultConfigurationName = Release;
		};
		5F296CBD2AB71F4E00CBC4E4 /* Build configuration list for PBXNativeTarget "WeatherApp" */ = {
			isa = XCConfigurationList;
			buildConfigurations = (
				5F296CBE2AB71F4E00CBC4E4 /* Debug */,
				5F296CBF2AB71F4E00CBC4E4 /* Release */,
			);
			defaultConfigurationIsVisible = 0;
			defaultConfigurationName = Release;
		};
		5F296CC02AB71F4E00CBC4E4 /* Build configuration list for PBXNativeTarget "WeatherAppTests" */ = {
			isa = XCConfigurationList;
			buildConfigurations = (
				5F296CC12AB71F4E00CBC4E4 /* Debug */,
				5F296CC22AB71F4E00CBC4E4 /* Release */,
			);
			defaultConfigurationIsVisible = 0;
			defaultConfigurationName = Release;
		};
		5F296CC32AB71F4E00CBC4E4 /* Build configuration list for PBXNativeTarget "WeatherAppUITests" */ = {
			isa = XCConfigurationList;
			buildConfigurations = (
				5F296CC42AB71F4E00CBC4E4 /* Debug */,
				5F296CC52AB71F4E00CBC4E4 /* Release */,
			);
			defaultConfigurationIsVisible = 0;
			defaultConfigurationName = Release;
		};
/* End XCConfigurationList section */
	};
	rootObject = 5F296C912AB71F4B00CBC4E4 /* Project object */;
}
